
Microsoft Visual Studio Solution File, Format Version 12.00
# Visual Studio Version 17
VisualStudioVersion = 17.2.32210.308
MinimumVisualStudioVersion = 10.0.40219.1
Project("{2150E333-8FDC-42A3-9474-1A3956D46DE8}") = "NET6", "NET6", "{7DF9F8D2-49EC-4B99-84F6-99261329866E}"
EndProject
Project("{9A19103F-16F7-4668-BE54-9A1E7A4F7556}") = "NoobCore", "NET6\NoobCore\NoobCore.csproj", "{53680802-A6DE-494E-9798-2611B139B061}"
EndProject
Project("{9A19103F-16F7-4668-BE54-9A1E7A4F7556}") = "NoobCore.Tests", "NET6\Tests\NoobCore.Tests\NoobCore.Tests.csproj", "{8C7AE5B3-9515-4B17-A15F-D0E27FA4961C}"
EndProject
Project("{9A19103F-16F7-4668-BE54-9A1E7A4F7556}") = "NoobCore.Tests.ConsoleApp", "NET6\Tests\NoobCore.Tests.ConsoleApp\NoobCore.Tests.ConsoleApp.csproj", "{9B3206E0-A88E-4B3E-BC4C-0F1DCE150775}"
EndProject
Project("{9A19103F-16F7-4668-BE54-9A1E7A4F7556}") = "Noob.Web.Tests", "NET6\Tests\Noob.Web.Tests\Noob.Web.Tests.csproj", "{D4F35044-57FE-40A7-A219-4F10D7CB52E7}"
EndProject
Project("{2150E333-8FDC-42A3-9474-1A3956D46DE8}") = "Tests", "Tests", "{ECA33C50-B576-4F09-9622-758BD16AA31B}"
EndProject
Project("{2150E333-8FDC-42A3-9474-1A3956D46DE8}") = "Libraries", "Libraries", "{99344B35-7542-438C-9527-99E9BC26239F}"
EndProject
Project("{2150E333-8FDC-42A3-9474-1A3956D46DE8}") = "BeautyProgramming", "BeautyProgramming", "{2F11C0EA-CE30-44AA-AED6-E8DFC0CA9153}"
EndProject
Project("{FAE04EC0-301F-11D3-BF4B-00C04F79EFBC}") = "BeautyProgramming.ConsoleApp", "BeautyProgramming.ConsoleApp\BeautyProgramming.ConsoleApp.csproj", "{CE0E0CB1-BD1D-48CC-A020-F0E274C14797}"
EndProject
Project("{2150E333-8FDC-42A3-9474-1A3956D46DE8}") = "NET8", "NET8", "{3D61363D-C4A8-4546-817C-25BB034FA171}"
EndProject
Project("{2150E333-8FDC-42A3-9474-1A3956D46DE8}") = "Tests", "Tests", "{8C86904D-8589-4889-B117-06A34CE1B6A6}"
EndProject
Project("{FAE04EC0-301F-11D3-BF4B-00C04F79EFBC}") = "NoobCore.Tests.NunitTests", "NET8\Tests\NoobCore.Tests.NunitTests\NoobCore.Tests.NunitTests.csproj", "{CAFB63E9-13E8-439B-8BC3-AAF101473D90}"
EndProject
Global
	GlobalSection(SolutionConfigurationPlatforms) = preSolution
		Debug|Any CPU = Debug|Any CPU
		Release|Any CPU = Release|Any CPU
	EndGlobalSection
	GlobalSection(ProjectConfigurationPlatforms) = postSolution
		{53680802-A6DE-494E-9798-2611B139B061}.Debug|Any CPU.ActiveCfg = Debug|Any CPU
		{53680802-A6DE-494E-9798-2611B139B061}.Debug|Any CPU.Build.0 = Debug|Any CPU
		{53680802-A6DE-494E-9798-2611B139B061}.Release|Any CPU.ActiveCfg = Release|Any CPU
		{53680802-A6DE-494E-9798-2611B139B061}.Release|Any CPU.Build.0 = Release|Any CPU
		{8C7AE5B3-9515-4B17-A15F-D0E27FA4961C}.Debug|Any CPU.ActiveCfg = Debug|Any CPU
		{8C7AE5B3-9515-4B17-A15F-D0E27FA4961C}.Debug|Any CPU.Build.0 = Debug|Any CPU
		{8C7AE5B3-9515-4B17-A15F-D0E27FA4961C}.Release|Any CPU.ActiveCfg = Release|Any CPU
		{8C7AE5B3-9515-4B17-A15F-D0E27FA4961C}.Release|Any CPU.Build.0 = Release|Any CPU
		{9B3206E0-A88E-4B3E-BC4C-0F1DCE150775}.Debug|Any CPU.ActiveCfg = Debug|Any CPU
		{9B3206E0-A88E-4B3E-BC4C-0F1DCE150775}.Debug|Any CPU.Build.0 = Debug|Any CPU
		{9B3206E0-A88E-4B3E-BC4C-0F1DCE150775}.Release|Any CPU.ActiveCfg = Release|Any CPU
		{9B3206E0-A88E-4B3E-BC4C-0F1DCE150775}.Release|Any CPU.Build.0 = Release|Any CPU
		{D4F35044-57FE-40A7-A219-4F10D7CB52E7}.Debug|Any CPU.ActiveCfg = Debug|Any CPU
		{D4F35044-57FE-40A7-A219-4F10D7CB52E7}.Debug|Any CPU.Build.0 = Debug|Any CPU
		{D4F35044-57FE-40A7-A219-4F10D7CB52E7}.Release|Any CPU.ActiveCfg = Release|Any CPU
		{D4F35044-57FE-40A7-A219-4F10D7CB52E7}.Release|Any CPU.Build.0 = Release|Any CPU
		{CE0E0CB1-BD1D-48CC-A020-F0E274C14797}.Debug|Any CPU.ActiveCfg = Debug|Any CPU
		{CE0E0CB1-BD1D-48CC-A020-F0E274C14797}.Debug|Any CPU.Build.0 = Debug|Any CPU
		{CE0E0CB1-BD1D-48CC-A020-F0E274C14797}.Release|Any CPU.ActiveCfg = Release|Any CPU
		{CE0E0CB1-BD1D-48CC-A020-F0E274C14797}.Release|Any CPU.Build.0 = Release|Any CPU
		{CAFB63E9-13E8-439B-8BC3-AAF101473D90}.Debug|Any CPU.ActiveCfg = Debug|Any CPU
		{CAFB63E9-13E8-439B-8BC3-AAF101473D90}.Debug|Any CPU.Build.0 = Debug|Any CPU
		{CAFB63E9-13E8-439B-8BC3-AAF101473D90}.Release|Any CPU.ActiveCfg = Release|Any CPU
		{CAFB63E9-13E8-439B-8BC3-AAF101473D90}.Release|Any CPU.Build.0 = Release|Any CPU
	EndGlobalSection
	GlobalSection(SolutionProperties) = preSolution
		HideSolutionNode = FALSE
	EndGlobalSection
	GlobalSection(NestedProjects) = preSolution
		{53680802-A6DE-494E-9798-2611B139B061} = {99344B35-7542-438C-9527-99E9BC26239F}
		{8C7AE5B3-9515-4B17-A15F-D0E27FA4961C} = {ECA33C50-B576-4F09-9622-758BD16AA31B}
		{9B3206E0-A88E-4B3E-BC4C-0F1DCE150775} = {ECA33C50-B576-4F09-9622-758BD16AA31B}
		{D4F35044-57FE-40A7-A219-4F10D7CB52E7} = {ECA33C50-B576-4F09-9622-758BD16AA31B}
		{ECA33C50-B576-4F09-9622-758BD16AA31B} = {7DF9F8D2-49EC-4B99-84F6-99261329866E}
		{99344B35-7542-438C-9527-99E9BC26239F} = {7DF9F8D2-49EC-4B99-84F6-99261329866E}
		{2F11C0EA-CE30-44AA-AED6-E8DFC0CA9153} = {7DF9F8D2-49EC-4B99-84F6-99261329866E}
		{CE0E0CB1-BD1D-48CC-A020-F0E274C14797} = {2F11C0EA-CE30-44AA-AED6-E8DFC0CA9153}
		{8C86904D-8589-4889-B117-06A34CE1B6A6} = {3D61363D-C4A8-4546-817C-25BB034FA171}
		{CAFB63E9-13E8-439B-8BC3-AAF101473D90} = {8C86904D-8589-4889-B117-06A34CE1B6A6}
	EndGlobalSection
	GlobalSection(ExtensibilityGlobals) = postSolution
		SolutionGuid = {CEF012A9-A66B-4B78-BD94-C76C19783B24}
	EndGlobalSection
EndGlobal
