
Microsoft Visual Studio Solution File, Format Version 12.00
# Visual Studio Version 17
VisualStudioVersion = 17.2.32210.308
MinimumVisualStudioVersion = 10.0.40219.1
Project("{2150E333-8FDC-42A3-9474-1A3956D46DE8}") = "NET6", "NET6", "{7DF9F8D2-49EC-4B99-84F6-99261329866E}"
EndProject
Project("{9A19103F-16F7-4668-BE54-9A1E7A4F7556}") = "NoobCore", "NET6\NoobCore\NoobCore.csproj", "{53680802-A6DE-494E-9798-2611B139B061}"
EndProject
Project("{9A19103F-16F7-4668-BE54-9A1E7A4F7556}") = "NoobCore.Tests", "NET6\Tests\NoobCore.Tests\NoobCore.Tests.csproj", "{8C7AE5B3-9515-4B17-A15F-D0E27FA4961C}"
EndProject
Project("{9A19103F-16F7-4668-BE54-9A1E7A4F7556}") = "NoobCore.Tests.ConsoleApp", "NET6\Tests\NoobCore.Tests.ConsoleApp\NoobCore.Tests.ConsoleApp.csproj", "{9B3206E0-A88E-4B3E-BC4C-0F1DCE150775}"
EndProject
Project("{FAE04EC0-301F-11D3-BF4B-00C04F79EFBC}") = "Noob.Web.Tests", "NET6\Tests\Noob.Web.Tests\Noob.Web.Tests.csproj", "{D4F35044-57FE-40A7-A219-4F10D7CB52E7}"
EndProject
Global
	GlobalSection(SolutionConfigurationPlatforms) = preSolution
		Debug|Any CPU = Debug|Any CPU
		Release|Any CPU = Release|Any CPU
	EndGlobalSection
	GlobalSection(ProjectConfigurationPlatforms) = postSolution
		{53680802-A6DE-494E-9798-2611B139B061}.Debug|Any CPU.ActiveCfg = Debug|Any CPU
		{53680802-A6DE-494E-9798-2611B139B061}.Debug|Any CPU.Build.0 = Debug|Any CPU
		{53680802-A6DE-494E-9798-2611B139B061}.Release|Any CPU.ActiveCfg = Release|Any CPU
		{53680802-A6DE-494E-9798-2611B139B061}.Release|Any CPU.Build.0 = Release|Any CPU
		{8C7AE5B3-9515-4B17-A15F-D0E27FA4961C}.Debug|Any CPU.ActiveCfg = Debug|Any CPU
		{8C7AE5B3-9515-4B17-A15F-D0E27FA4961C}.Debug|Any CPU.Build.0 = Debug|Any CPU
		{8C7AE5B3-9515-4B17-A15F-D0E27FA4961C}.Release|Any CPU.ActiveCfg = Release|Any CPU
		{8C7AE5B3-9515-4B17-A15F-D0E27FA4961C}.Release|Any CPU.Build.0 = Release|Any CPU
		{9B3206E0-A88E-4B3E-BC4C-0F1DCE150775}.Debug|Any CPU.ActiveCfg = Debug|Any CPU
		{9B3206E0-A88E-4B3E-BC4C-0F1DCE150775}.Debug|Any CPU.Build.0 = Debug|Any CPU
		{9B3206E0-A88E-4B3E-BC4C-0F1DCE150775}.Release|Any CPU.ActiveCfg = Release|Any CPU
		{9B3206E0-A88E-4B3E-BC4C-0F1DCE150775}.Release|Any CPU.Build.0 = Release|Any CPU
		{D4F35044-57FE-40A7-A219-4F10D7CB52E7}.Debug|Any CPU.ActiveCfg = Debug|Any CPU
		{D4F35044-57FE-40A7-A219-4F10D7CB52E7}.Debug|Any CPU.Build.0 = Debug|Any CPU
		{D4F35044-57FE-40A7-A219-4F10D7CB52E7}.Release|Any CPU.ActiveCfg = Release|Any CPU
		{D4F35044-57FE-40A7-A219-4F10D7CB52E7}.Release|Any CPU.Build.0 = Release|Any CPU
	EndGlobalSection
	GlobalSection(SolutionProperties) = preSolution
		HideSolutionNode = FALSE
	EndGlobalSection
	GlobalSection(NestedProjects) = preSolution
		{53680802-A6DE-494E-9798-2611B139B061} = {7DF9F8D2-49EC-4B99-84F6-99261329866E}
		{8C7AE5B3-9515-4B17-A15F-D0E27FA4961C} = {7DF9F8D2-49EC-4B99-84F6-99261329866E}
		{9B3206E0-A88E-4B3E-BC4C-0F1DCE150775} = {7DF9F8D2-49EC-4B99-84F6-99261329866E}
		{D4F35044-57FE-40A7-A219-4F10D7CB52E7} = {7DF9F8D2-49EC-4B99-84F6-99261329866E}
	EndGlobalSection
	GlobalSection(ExtensibilityGlobals) = postSolution
		SolutionGuid = {CEF012A9-A66B-4B78-BD94-C76C19783B24}
	EndGlobalSection
EndGlobal
